# This file is autogenerated, do not edit; changes may be undone by the next 'dep ensure'.


[[projects]]
  name = "github.com/antonmedv/expr"
  packages = ["."]
  revision = "28e290347c2e56850ed7362edb96f9a9a587688a"
  version = "v1.0.3"

[[projects]]
  branch = "master"
  name = "github.com/mohae/utilitybelt"
  packages = ["deepcopy"]
  revision = "d4f15c760e5a10346e7a4f25537ae32d3c839d83"

[[projects]]
  name = "github.com/oliveagle/jsonpath"
  packages = ["."]
  revision = "f95233d869819eb2cf1df702347887ae1775817d"

[[projects]]
  name = "gopkg.in/yaml.v2"
  packages = ["."]
  revision = "cd8b52f8269e0feb286dfeef29f8fe4d5b397e0b"

[solve-meta]
  analyzer-name = "dep"
  analyzer-version = 1
  inputs-digest = "8dfd631e9f8fac70db872003cebd56a93ccb405536407ebc4e108249c8fdd1ae"
  solver-name = "gps-cdcl"
  solver-version = 1
